
Microsoft Visual Studio Solution File, Format Version 12.00
# Visual Studio 14
VisualStudioVersion = 14.0.25123.0
MinimumVisualStudioVersion = 10.0.40219.1
Project("{FAE04EC0-301F-11D3-BF4B-00C04F79EFBC}") = "CorporateBsGenerator", "CorporateBsGenerator\CorporateBsGenerator.csproj", "{CB332AB6-3BF4-4382-ABF0-8D93CB280D2D}"
EndProject
Project("{FAE04EC0-301F-11D3-BF4B-00C04F79EFBC}") = "CorporateBsGenerator.Droid", "Droid\CorporateBsGenerator.Droid.csproj", "{8661C7DD-BEB9-4893-85D8-F6B65BDD0720}"
EndProject
Project("{FAE04EC0-301F-11D3-BF4B-00C04F79EFBC}") = "CorporateBsGenerator.iOS", "iOS\CorporateBsGenerator.iOS.csproj", "{24C15A62-308E-415C-9E33-E782B25E7479}"
EndProject
Project("{FAE04EC0-301F-11D3-BF4B-00C04F79EFBC}") = "UnitTest", "UnitTest\UnitTest.csproj", "{C84119D1-145D-4795-A548-BE5F34B9791D}"
EndProject
Project("{FAE04EC0-301F-11D3-BF4B-00C04F79EFBC}") = "CorporateBsGenerator.Uwp", "Uwp\CorporateBsGenerator.Uwp.csproj", "{7A3A94CA-5C1A-4110-B4D2-78A2EA2EB069}"
EndProject
Global
	GlobalSection(SolutionConfigurationPlatforms) = preSolution
		AdHoc|ARM = AdHoc|ARM
		AdHoc|RealDevices = AdHoc|RealDevices
		AdHoc|Simulator = AdHoc|Simulator
		AdHoc|x64 = AdHoc|x64
		AdHoc|x86 = AdHoc|x86
		Debug|ARM = Debug|ARM
		Debug|RealDevices = Debug|RealDevices
		Debug|Simulator = Debug|Simulator
		Debug|x64 = Debug|x64
		Debug|x86 = Debug|x86
		Store|ARM = Store|ARM
		Store|RealDevices = Store|RealDevices
		Store|Simulator = Store|Simulator
		Store|x64 = Store|x64
		Store|x86 = Store|x86
	EndGlobalSection
	GlobalSection(ProjectConfigurationPlatforms) = postSolution
		{CB332AB6-3BF4-4382-ABF0-8D93CB280D2D}.AdHoc|ARM.ActiveCfg = Debug|Any CPU
		{CB332AB6-3BF4-4382-ABF0-8D93CB280D2D}.AdHoc|RealDevices.ActiveCfg = Release|Any CPU
		{CB332AB6-3BF4-4382-ABF0-8D93CB280D2D}.AdHoc|RealDevices.Build.0 = Release|Any CPU
		{CB332AB6-3BF4-4382-ABF0-8D93CB280D2D}.AdHoc|Simulator.ActiveCfg = Release|Any CPU
		{CB332AB6-3BF4-4382-ABF0-8D93CB280D2D}.AdHoc|Simulator.Build.0 = Release|Any CPU
		{CB332AB6-3BF4-4382-ABF0-8D93CB280D2D}.AdHoc|x64.ActiveCfg = Debug|Any CPU
		{CB332AB6-3BF4-4382-ABF0-8D93CB280D2D}.AdHoc|x86.ActiveCfg = Debug|Any CPU
		{CB332AB6-3BF4-4382-ABF0-8D93CB280D2D}.Debug|ARM.ActiveCfg = Debug|Any CPU
		{CB332AB6-3BF4-4382-ABF0-8D93CB280D2D}.Debug|RealDevices.ActiveCfg = Debug|Any CPU
		{CB332AB6-3BF4-4382-ABF0-8D93CB280D2D}.Debug|RealDevices.Build.0 = Debug|Any CPU
		{CB332AB6-3BF4-4382-ABF0-8D93CB280D2D}.Debug|Simulator.ActiveCfg = Debug|Any CPU
		{CB332AB6-3BF4-4382-ABF0-8D93CB280D2D}.Debug|Simulator.Build.0 = Debug|Any CPU
		{CB332AB6-3BF4-4382-ABF0-8D93CB280D2D}.Debug|x64.ActiveCfg = Debug|Any CPU
		{CB332AB6-3BF4-4382-ABF0-8D93CB280D2D}.Debug|x86.ActiveCfg = Debug|Any CPU
		{CB332AB6-3BF4-4382-ABF0-8D93CB280D2D}.Debug|x86.Build.0 = Debug|Any CPU
		{CB332AB6-3BF4-4382-ABF0-8D93CB280D2D}.Store|ARM.ActiveCfg = Release|Any CPU
		{CB332AB6-3BF4-4382-ABF0-8D93CB280D2D}.Store|ARM.Build.0 = Release|Any CPU
		{CB332AB6-3BF4-4382-ABF0-8D93CB280D2D}.Store|RealDevices.ActiveCfg = Release|Any CPU
		{CB332AB6-3BF4-4382-ABF0-8D93CB280D2D}.Store|RealDevices.Build.0 = Release|Any CPU
		{CB332AB6-3BF4-4382-ABF0-8D93CB280D2D}.Store|Simulator.ActiveCfg = Release|Any CPU
		{CB332AB6-3BF4-4382-ABF0-8D93CB280D2D}.Store|Simulator.Build.0 = Release|Any CPU
		{CB332AB6-3BF4-4382-ABF0-8D93CB280D2D}.Store|x64.ActiveCfg = Release|Any CPU
		{CB332AB6-3BF4-4382-ABF0-8D93CB280D2D}.Store|x64.Build.0 = Release|Any CPU
		{CB332AB6-3BF4-4382-ABF0-8D93CB280D2D}.Store|x86.ActiveCfg = Release|Any CPU
		{CB332AB6-3BF4-4382-ABF0-8D93CB280D2D}.Store|x86.Build.0 = Release|Any CPU
		{8661C7DD-BEB9-4893-85D8-F6B65BDD0720}.AdHoc|ARM.ActiveCfg = Debug|Any CPU
		{8661C7DD-BEB9-4893-85D8-F6B65BDD0720}.AdHoc|RealDevices.ActiveCfg = Release|Any CPU
		{8661C7DD-BEB9-4893-85D8-F6B65BDD0720}.AdHoc|RealDevices.Build.0 = Release|Any CPU
		{8661C7DD-BEB9-4893-85D8-F6B65BDD0720}.AdHoc|RealDevices.Deploy.0 = Release|Any CPU
		{8661C7DD-BEB9-4893-85D8-F6B65BDD0720}.AdHoc|Simulator.ActiveCfg = Release|Any CPU
		{8661C7DD-BEB9-4893-85D8-F6B65BDD0720}.AdHoc|Simulator.Build.0 = Release|Any CPU
		{8661C7DD-BEB9-4893-85D8-F6B65BDD0720}.AdHoc|Simulator.Deploy.0 = Release|Any CPU
		{8661C7DD-BEB9-4893-85D8-F6B65BDD0720}.AdHoc|x64.ActiveCfg = Debug|Any CPU
		{8661C7DD-BEB9-4893-85D8-F6B65BDD0720}.AdHoc|x86.ActiveCfg = Debug|Any CPU
		{8661C7DD-BEB9-4893-85D8-F6B65BDD0720}.Debug|ARM.ActiveCfg = Debug|Any CPU
		{8661C7DD-BEB9-4893-85D8-F6B65BDD0720}.Debug|RealDevices.ActiveCfg = Debug|Any CPU
		{8661C7DD-BEB9-4893-85D8-F6B65BDD0720}.Debug|RealDevices.Build.0 = Debug|Any CPU
		{8661C7DD-BEB9-4893-85D8-F6B65BDD0720}.Debug|RealDevices.Deploy.0 = Debug|Any CPU
		{8661C7DD-BEB9-4893-85D8-F6B65BDD0720}.Debug|Simulator.ActiveCfg = Debug|Any CPU
		{8661C7DD-BEB9-4893-85D8-F6B65BDD0720}.Debug|Simulator.Build.0 = Debug|Any CPU
		{8661C7DD-BEB9-4893-85D8-F6B65BDD0720}.Debug|Simulator.Deploy.0 = Debug|Any CPU
		{8661C7DD-BEB9-4893-85D8-F6B65BDD0720}.Debug|x64.ActiveCfg = Debug|Any CPU
		{8661C7DD-BEB9-4893-85D8-F6B65BDD0720}.Debug|x86.ActiveCfg = Debug|Any CPU
		{8661C7DD-BEB9-4893-85D8-F6B65BDD0720}.Debug|x86.Build.0 = Debug|Any CPU
		{8661C7DD-BEB9-4893-85D8-F6B65BDD0720}.Debug|x86.Deploy.0 = Debug|Any CPU
		{8661C7DD-BEB9-4893-85D8-F6B65BDD0720}.Store|ARM.ActiveCfg = Release|Any CPU
		{8661C7DD-BEB9-4893-85D8-F6B65BDD0720}.Store|ARM.Build.0 = Release|Any CPU
		{8661C7DD-BEB9-4893-85D8-F6B65BDD0720}.Store|ARM.Deploy.0 = Release|Any CPU
		{8661C7DD-BEB9-4893-85D8-F6B65BDD0720}.Store|RealDevices.ActiveCfg = Release|Any CPU
		{8661C7DD-BEB9-4893-85D8-F6B65BDD0720}.Store|RealDevices.Build.0 = Release|Any CPU
		{8661C7DD-BEB9-4893-85D8-F6B65BDD0720}.Store|RealDevices.Deploy.0 = Release|Any CPU
		{8661C7DD-BEB9-4893-85D8-F6B65BDD0720}.Store|Simulator.ActiveCfg = Release|Any CPU
		{8661C7DD-BEB9-4893-85D8-F6B65BDD0720}.Store|Simulator.Build.0 = Release|Any CPU
		{8661C7DD-BEB9-4893-85D8-F6B65BDD0720}.Store|Simulator.Deploy.0 = Release|Any CPU
		{8661C7DD-BEB9-4893-85D8-F6B65BDD0720}.Store|x64.ActiveCfg = Release|Any CPU
		{8661C7DD-BEB9-4893-85D8-F6B65BDD0720}.Store|x64.Build.0 = Release|Any CPU
		{8661C7DD-BEB9-4893-85D8-F6B65BDD0720}.Store|x64.Deploy.0 = Release|Any CPU
		{8661C7DD-BEB9-4893-85D8-F6B65BDD0720}.Store|x86.ActiveCfg = Release|Any CPU
		{8661C7DD-BEB9-4893-85D8-F6B65BDD0720}.Store|x86.Build.0 = Release|Any CPU
		{8661C7DD-BEB9-4893-85D8-F6B65BDD0720}.Store|x86.Deploy.0 = Release|Any CPU
		{24C15A62-308E-415C-9E33-E782B25E7479}.AdHoc|ARM.ActiveCfg = AppStore|iPhone
		{24C15A62-308E-415C-9E33-E782B25E7479}.AdHoc|RealDevices.ActiveCfg = Ad-Hoc|iPhone
		{24C15A62-308E-415C-9E33-E782B25E7479}.AdHoc|Simulator.ActiveCfg = Ad-Hoc|iPhoneSimulator
		{24C15A62-308E-415C-9E33-E782B25E7479}.AdHoc|x64.ActiveCfg = AppStore|iPhone
		{24C15A62-308E-415C-9E33-E782B25E7479}.AdHoc|x86.ActiveCfg = AppStore|iPhone
		{24C15A62-308E-415C-9E33-E782B25E7479}.Debug|ARM.ActiveCfg = Debug|iPhoneSimulator
		{24C15A62-308E-415C-9E33-E782B25E7479}.Debug|RealDevices.ActiveCfg = Debug|iPhone
		{24C15A62-308E-415C-9E33-E782B25E7479}.Debug|Simulator.ActiveCfg = Debug|iPhoneSimulator
		{24C15A62-308E-415C-9E33-E782B25E7479}.Debug|x64.ActiveCfg = Debug|iPhoneSimulator
		{24C15A62-308E-415C-9E33-E782B25E7479}.Debug|x86.ActiveCfg = Debug|iPhoneSimulator
		{24C15A62-308E-415C-9E33-E782B25E7479}.Store|ARM.ActiveCfg = AppStore|iPhoneSimulator
		{24C15A62-308E-415C-9E33-E782B25E7479}.Store|ARM.Build.0 = AppStore|iPhoneSimulator
		{24C15A62-308E-415C-9E33-E782B25E7479}.Store|RealDevices.ActiveCfg = AppStore|iPhone
		{24C15A62-308E-415C-9E33-E782B25E7479}.Store|Simulator.ActiveCfg = AppStore|iPhone
		{24C15A62-308E-415C-9E33-E782B25E7479}.Store|x64.ActiveCfg = AppStore|iPhoneSimulator
		{24C15A62-308E-415C-9E33-E782B25E7479}.Store|x64.Build.0 = AppStore|iPhoneSimulator
		{24C15A62-308E-415C-9E33-E782B25E7479}.Store|x86.ActiveCfg = AppStore|iPhoneSimulator
		{24C15A62-308E-415C-9E33-E782B25E7479}.Store|x86.Build.0 = AppStore|iPhoneSimulator
		{C84119D1-145D-4795-A548-BE5F34B9791D}.AdHoc|ARM.ActiveCfg = Debug|Any CPU
		{C84119D1-145D-4795-A548-BE5F34B9791D}.AdHoc|RealDevices.ActiveCfg = Release|Any CPU
		{C84119D1-145D-4795-A548-BE5F34B9791D}.AdHoc|RealDevices.Build.0 = Release|Any CPU
		{C84119D1-145D-4795-A548-BE5F34B9791D}.AdHoc|Simulator.ActiveCfg = Release|Any CPU
		{C84119D1-145D-4795-A548-BE5F34B9791D}.AdHoc|Simulator.Build.0 = Release|Any CPU
		{C84119D1-145D-4795-A548-BE5F34B9791D}.AdHoc|x64.ActiveCfg = Debug|Any CPU
		{C84119D1-145D-4795-A548-BE5F34B9791D}.AdHoc|x86.ActiveCfg = Debug|Any CPU
		{C84119D1-145D-4795-A548-BE5F34B9791D}.Debug|ARM.ActiveCfg = Debug|Any CPU
		{C84119D1-145D-4795-A548-BE5F34B9791D}.Debug|RealDevices.ActiveCfg = Debug|Any CPU
		{C84119D1-145D-4795-A548-BE5F34B9791D}.Debug|RealDevices.Build.0 = Debug|Any CPU
		{C84119D1-145D-4795-A548-BE5F34B9791D}.Debug|Simulator.ActiveCfg = Debug|Any CPU
		{C84119D1-145D-4795-A548-BE5F34B9791D}.Debug|Simulator.Build.0 = Debug|Any CPU
		{C84119D1-145D-4795-A548-BE5F34B9791D}.Debug|x64.ActiveCfg = Debug|Any CPU
		{C84119D1-145D-4795-A548-BE5F34B9791D}.Debug|x86.ActiveCfg = Debug|Any CPU
		{C84119D1-145D-4795-A548-BE5F34B9791D}.Debug|x86.Build.0 = Debug|Any CPU
		{C84119D1-145D-4795-A548-BE5F34B9791D}.Store|ARM.ActiveCfg = Debug|Any CPU
		{C84119D1-145D-4795-A548-BE5F34B9791D}.Store|ARM.Build.0 = Debug|Any CPU
		{C84119D1-145D-4795-A548-BE5F34B9791D}.Store|RealDevices.ActiveCfg = Release|Any CPU
		{C84119D1-145D-4795-A548-BE5F34B9791D}.Store|RealDevices.Build.0 = Release|Any CPU
		{C84119D1-145D-4795-A548-BE5F34B9791D}.Store|Simulator.ActiveCfg = Release|Any CPU
		{C84119D1-145D-4795-A548-BE5F34B9791D}.Store|Simulator.Build.0 = Release|Any CPU
		{C84119D1-145D-4795-A548-BE5F34B9791D}.Store|x64.ActiveCfg = Debug|Any CPU
		{C84119D1-145D-4795-A548-BE5F34B9791D}.Store|x86.ActiveCfg = Debug|Any CPU
		{7A3A94CA-5C1A-4110-B4D2-78A2EA2EB069}.AdHoc|ARM.ActiveCfg = Debug|ARM
		{7A3A94CA-5C1A-4110-B4D2-78A2EA2EB069}.AdHoc|RealDevices.ActiveCfg = Release|ARM
		{7A3A94CA-5C1A-4110-B4D2-78A2EA2EB069}.AdHoc|RealDevices.Build.0 = Release|ARM
		{7A3A94CA-5C1A-4110-B4D2-78A2EA2EB069}.AdHoc|RealDevices.Deploy.0 = Release|ARM
		{7A3A94CA-5C1A-4110-B4D2-78A2EA2EB069}.AdHoc|Simulator.ActiveCfg = Release|x86
		{7A3A94CA-5C1A-4110-B4D2-78A2EA2EB069}.AdHoc|Simulator.Build.0 = Release|x86
		{7A3A94CA-5C1A-4110-B4D2-78A2EA2EB069}.AdHoc|Simulator.Deploy.0 = Release|x86
		{7A3A94CA-5C1A-4110-B4D2-78A2EA2EB069}.AdHoc|x64.ActiveCfg = Debug|x64
		{7A3A94CA-5C1A-4110-B4D2-78A2EA2EB069}.AdHoc|x86.ActiveCfg = Debug|x86
		{7A3A94CA-5C1A-4110-B4D2-78A2EA2EB069}.Debug|ARM.ActiveCfg = Debug|ARM
		{7A3A94CA-5C1A-4110-B4D2-78A2EA2EB069}.Debug|RealDevices.ActiveCfg = Debug|ARM
		{7A3A94CA-5C1A-4110-B4D2-78A2EA2EB069}.Debug|RealDevices.Build.0 = Debug|ARM
		{7A3A94CA-5C1A-4110-B4D2-78A2EA2EB069}.Debug|RealDevices.Deploy.0 = Debug|ARM
		{7A3A94CA-5C1A-4110-B4D2-78A2EA2EB069}.Debug|Simulator.ActiveCfg = Debug|x86
		{7A3A94CA-5C1A-4110-B4D2-78A2EA2EB069}.Debug|Simulator.Build.0 = Debug|x86
		{7A3A94CA-5C1A-4110-B4D2-78A2EA2EB069}.Debug|Simulator.Deploy.0 = Debug|x86
		{7A3A94CA-5C1A-4110-B4D2-78A2EA2EB069}.Debug|x64.ActiveCfg = Debug|x64
		{7A3A94CA-5C1A-4110-B4D2-78A2EA2EB069}.Debug|x86.ActiveCfg = Debug|x86
		{7A3A94CA-5C1A-4110-B4D2-78A2EA2EB069}.Debug|x86.Build.0 = Debug|x86
		{7A3A94CA-5C1A-4110-B4D2-78A2EA2EB069}.Debug|x86.Deploy.0 = Debug|x86
		{7A3A94CA-5C1A-4110-B4D2-78A2EA2EB069}.Store|ARM.ActiveCfg = Release|ARM
		{7A3A94CA-5C1A-4110-B4D2-78A2EA2EB069}.Store|ARM.Build.0 = Release|ARM
		{7A3A94CA-5C1A-4110-B4D2-78A2EA2EB069}.Store|ARM.Deploy.0 = Release|ARM
		{7A3A94CA-5C1A-4110-B4D2-78A2EA2EB069}.Store|RealDevices.ActiveCfg = Release|ARM
		{7A3A94CA-5C1A-4110-B4D2-78A2EA2EB069}.Store|RealDevices.Build.0 = Release|ARM
		{7A3A94CA-5C1A-4110-B4D2-78A2EA2EB069}.Store|RealDevices.Deploy.0 = Release|ARM
		{7A3A94CA-5C1A-4110-B4D2-78A2EA2EB069}.Store|Simulator.ActiveCfg = Release|x86
		{7A3A94CA-5C1A-4110-B4D2-78A2EA2EB069}.Store|Simulator.Build.0 = Release|x86
		{7A3A94CA-5C1A-4110-B4D2-78A2EA2EB069}.Store|Simulator.Deploy.0 = Release|x86
		{7A3A94CA-5C1A-4110-B4D2-78A2EA2EB069}.Store|x64.ActiveCfg = Release|x64
		{7A3A94CA-5C1A-4110-B4D2-78A2EA2EB069}.Store|x64.Build.0 = Release|x64
		{7A3A94CA-5C1A-4110-B4D2-78A2EA2EB069}.Store|x64.Deploy.0 = Release|x64
		{7A3A94CA-5C1A-4110-B4D2-78A2EA2EB069}.Store|x86.ActiveCfg = Release|x86
		{7A3A94CA-5C1A-4110-B4D2-78A2EA2EB069}.Store|x86.Build.0 = Release|x86
		{7A3A94CA-5C1A-4110-B4D2-78A2EA2EB069}.Store|x86.Deploy.0 = Release|x86
	EndGlobalSection
	GlobalSection(SolutionProperties) = preSolution
		HideSolutionNode = FALSE
	EndGlobalSection
EndGlobal
